{
  "name": "resume-builder",
  "version": "0.1.0",
  "lockfileVersion": 1,
  "requires": true,
  "dependencies": {
    "pnpm": {
      "version": "6.16.1",
      "resolved": "https://registry.npmjs.org/pnpm/-/pnpm-6.16.1.tgz",
      "integrity": "sha512-oTZtaWJvvQ1V4KzpPya/BYYF90c6ICKmFYof8DAzMi0g2PEGseSVRdw/A2ov6mQJxBjHyRyYp/j42j8QOqRuKw=="
    }
  }
}
